
Microsoft Visual Studio Solution File, Format Version 12.00
# Visual Studio Version 16
VisualStudioVersion = 16.0.30517.126
MinimumVisualStudioVersion = 10.0.40219.1
Project("{FAE04EC0-301F-11D3-BF4B-00C04F79EFBC}") = "ACharacterCounter", "ACharacterCounter\ACharacterCounter.csproj", "{988D9AAA-5EFF-4057-8F8E-482CA4A8555E}"
EndProject
Global
	GlobalSection(SolutionConfigurationPlatforms) = preSolution
		Debug|Any CPU = Debug|Any CPU
		Release|Any CPU = Release|Any CPU
	EndGlobalSection
	GlobalSection(ProjectConfigurationPlatforms) = postSolution
		{988D9AAA-5EFF-4057-8F8E-482CA4A8555E}.Debug|Any CPU.ActiveCfg = Debug|Any CPU
		{988D9AAA-5EFF-4057-8F8E-482CA4A8555E}.Debug|Any CPU.Build.0 = Debug|Any CPU
		{988D9AAA-5EFF-4057-8F8E-482CA4A8555E}.Release|Any CPU.ActiveCfg = Release|Any CPU
		{988D9AAA-5EFF-4057-8F8E-482CA4A8555E}.Release|Any CPU.Build.0 = Release|Any CPU
	EndGlobalSection
	GlobalSection(SolutionProperties) = preSolution
		HideSolutionNode = FALSE
	EndGlobalSection
	GlobalSection(ExtensibilityGlobals) = postSolution
		SolutionGuid = {06C1A834-8383-4164-A2D8-2E7B186ECDAD}
	EndGlobalSection
EndGlobal
